
Microsoft Visual Studio Solution File, Format Version 12.00
# Visual Studio Version 17
VisualStudioVersion = 17.10.34916.146
MinimumVisualStudioVersion = 10.0.40219.1
Project("{FAE04EC0-301F-11D3-BF4B-00C04F79EFBC}") = "Ch02FutureValueHolst", "Ch02FutureValueHolst.csproj", "{3FA74A7E-DCB2-4C19-A66E-00F242085888}"
EndProject
Global
	GlobalSection(SolutionConfigurationPlatforms) = preSolution
		Debug|Any CPU = Debug|Any CPU
		Release|Any CPU = Release|Any CPU
	EndGlobalSection
	GlobalSection(ProjectConfigurationPlatforms) = postSolution
		{3FA74A7E-DCB2-4C19-A66E-00F242085888}.Debug|Any CPU.ActiveCfg = Debug|Any CPU
		{3FA74A7E-DCB2-4C19-A66E-00F242085888}.Debug|Any CPU.Build.0 = Debug|Any CPU
		{3FA74A7E-DCB2-4C19-A66E-00F242085888}.Release|Any CPU.ActiveCfg = Release|Any CPU
		{3FA74A7E-DCB2-4C19-A66E-00F242085888}.Release|Any CPU.Build.0 = Release|Any CPU
	EndGlobalSection
	GlobalSection(SolutionProperties) = preSolution
		HideSolutionNode = FALSE
	EndGlobalSection
	GlobalSection(ExtensibilityGlobals) = postSolution
		SolutionGuid = {C03F4225-7890-45BB-AB66-879AB2490061}
	EndGlobalSection
EndGlobal
