
Microsoft Visual Studio Solution File, Format Version 12.00
# Visual Studio Version 17
VisualStudioVersion = 17.10.34916.146
MinimumVisualStudioVersion = 10.0.40219.1
Project("{9A19103F-16F7-4668-BE54-9A1E7A4F7556}") = "ModelBinding", "ModelBinding.csproj", "{97DF047A-18A4-4069-BEF8-453CF923D483}"
EndProject
Project("{FAE04EC0-301F-11D3-BF4B-00C04F79EFBC}") = "ModelBindingTest", "..\ModelBindingTest\ModelBindingTest.csproj", "{EB514E5F-4ABD-4295-958E-8DC5427C45B3}"
EndProject
Global
	GlobalSection(SolutionConfigurationPlatforms) = preSolution
		Debug|Any CPU = Debug|Any CPU
		Release|Any CPU = Release|Any CPU
	EndGlobalSection
	GlobalSection(ProjectConfigurationPlatforms) = postSolution
		{97DF047A-18A4-4069-BEF8-453CF923D483}.Debug|Any CPU.ActiveCfg = Debug|Any CPU
		{97DF047A-18A4-4069-BEF8-453CF923D483}.Debug|Any CPU.Build.0 = Debug|Any CPU
		{97DF047A-18A4-4069-BEF8-453CF923D483}.Release|Any CPU.ActiveCfg = Release|Any CPU
		{97DF047A-18A4-4069-BEF8-453CF923D483}.Release|Any CPU.Build.0 = Release|Any CPU
		{EB514E5F-4ABD-4295-958E-8DC5427C45B3}.Debug|Any CPU.ActiveCfg = Debug|Any CPU
		{EB514E5F-4ABD-4295-958E-8DC5427C45B3}.Debug|Any CPU.Build.0 = Debug|Any CPU
		{EB514E5F-4ABD-4295-958E-8DC5427C45B3}.Release|Any CPU.ActiveCfg = Release|Any CPU
		{EB514E5F-4ABD-4295-958E-8DC5427C45B3}.Release|Any CPU.Build.0 = Release|Any CPU
	EndGlobalSection
	GlobalSection(SolutionProperties) = preSolution
		HideSolutionNode = FALSE
	EndGlobalSection
	GlobalSection(ExtensibilityGlobals) = postSolution
		SolutionGuid = {30A9DF6C-5632-46EA-91DF-890B7FF2E25A}
	EndGlobalSection
EndGlobal
