
Microsoft Visual Studio Solution File, Format Version 12.00
# Visual Studio Version 17
VisualStudioVersion = 17.10.34916.146
MinimumVisualStudioVersion = 10.0.40219.1
Project("{FAE04EC0-301F-11D3-BF4B-00C04F79EFBC}") = "FirstResponsiveWebAppHolst", "FirstResponsiveWebAppHolst.csproj", "{74CDC6C8-1957-4BD2-A1AD-518C1CF74876}"
EndProject
Global
	GlobalSection(SolutionConfigurationPlatforms) = preSolution
		Debug|Any CPU = Debug|Any CPU
		Release|Any CPU = Release|Any CPU
	EndGlobalSection
	GlobalSection(ProjectConfigurationPlatforms) = postSolution
		{74CDC6C8-1957-4BD2-A1AD-518C1CF74876}.Debug|Any CPU.ActiveCfg = Debug|Any CPU
		{74CDC6C8-1957-4BD2-A1AD-518C1CF74876}.Debug|Any CPU.Build.0 = Debug|Any CPU
		{74CDC6C8-1957-4BD2-A1AD-518C1CF74876}.Release|Any CPU.ActiveCfg = Release|Any CPU
		{74CDC6C8-1957-4BD2-A1AD-518C1CF74876}.Release|Any CPU.Build.0 = Release|Any CPU
	EndGlobalSection
	GlobalSection(SolutionProperties) = preSolution
		HideSolutionNode = FALSE
	EndGlobalSection
	GlobalSection(ExtensibilityGlobals) = postSolution
		SolutionGuid = {96A04470-9E2B-4BD9-842C-7BFC4702257D}
	EndGlobalSection
EndGlobal
