
Microsoft Visual Studio Solution File, Format Version 12.00
# Visual Studio Version 17
VisualStudioVersion = 17.10.34916.146
MinimumVisualStudioVersion = 10.0.40219.1
Project("{FAE04EC0-301F-11D3-BF4B-00C04F79EFBC}") = "MultiPageWebAppWithDB", "MultiPageWebAppWithDB.csproj", "{7672BB4F-4003-46A5-A2CD-6120A4630F45}"
EndProject
Global
	GlobalSection(SolutionConfigurationPlatforms) = preSolution
		Debug|Any CPU = Debug|Any CPU
		Release|Any CPU = Release|Any CPU
	EndGlobalSection
	GlobalSection(ProjectConfigurationPlatforms) = postSolution
		{7672BB4F-4003-46A5-A2CD-6120A4630F45}.Debug|Any CPU.ActiveCfg = Debug|Any CPU
		{7672BB4F-4003-46A5-A2CD-6120A4630F45}.Debug|Any CPU.Build.0 = Debug|Any CPU
		{7672BB4F-4003-46A5-A2CD-6120A4630F45}.Release|Any CPU.ActiveCfg = Release|Any CPU
		{7672BB4F-4003-46A5-A2CD-6120A4630F45}.Release|Any CPU.Build.0 = Release|Any CPU
	EndGlobalSection
	GlobalSection(SolutionProperties) = preSolution
		HideSolutionNode = FALSE
	EndGlobalSection
	GlobalSection(ExtensibilityGlobals) = postSolution
		SolutionGuid = {6DCE6E25-315D-4675-BEEC-DC10A8B4D5FF}
	EndGlobalSection
EndGlobal
